
Microsoft Visual Studio Solution File, Format Version 12.00
# Visual Studio 15
VisualStudioVersion = 15.0.27428.2015
MinimumVisualStudioVersion = 10.0.40219.1
Project("{FAE04EC0-301F-11D3-BF4B-00C04F79EFBC}") = "Program", "ConsoleApp1\Program.csproj", "{FB6FB674-2C35-4BCF-BA4F-EF5640C902CD}"
EndProject
Global
	GlobalSection(SolutionConfigurationPlatforms) = preSolution
		Debug|Any CPU = Debug|Any CPU
		Release|Any CPU = Release|Any CPU
	EndGlobalSection
	GlobalSection(ProjectConfigurationPlatforms) = postSolution
		{FB6FB674-2C35-4BCF-BA4F-EF5640C902CD}.Debug|Any CPU.ActiveCfg = Debug|Any CPU
		{FB6FB674-2C35-4BCF-BA4F-EF5640C902CD}.Debug|Any CPU.Build.0 = Debug|Any CPU
		{FB6FB674-2C35-4BCF-BA4F-EF5640C902CD}.Release|Any CPU.ActiveCfg = Release|Any CPU
		{FB6FB674-2C35-4BCF-BA4F-EF5640C902CD}.Release|Any CPU.Build.0 = Release|Any CPU
	EndGlobalSection
	GlobalSection(SolutionProperties) = preSolution
		HideSolutionNode = FALSE
	EndGlobalSection
	GlobalSection(ExtensibilityGlobals) = postSolution
		SolutionGuid = {C72C7A33-D047-402D-9A2A-4571104EB111}
	EndGlobalSection
EndGlobal
